<?xml version="1.0" encoding="utf-8"?>
<Project ToolsVersion="4.0" xmlns="http://schemas.microsoft.com/developer/msbuild/2003">
  <ItemGroup>
    <Filter Include="Исходные файлы">
      <UniqueIdentifier>{4FC737F1-C7A5-4376-A066-2A32D752A2FF}</UniqueIdentifier>
      <Extensions>cpp;c;cc;cxx;def;odl;idl;hpj;bat;asm;asmx</Extensions>
    </Filter>
    <Filter Include="Файлы заголовков">
      <UniqueIdentifier>{93995380-89BD-4b04-88EB-625FBE52EBFB}</UniqueIdentifier>
      <Extensions>h;hh;hpp;hxx;hm;inl;inc;ipp;xsd</Extensions>
    </Filter>
    <Filter Include="Файлы ресурсов">
      <UniqueIdentifier>{67DA6AB6-F800-4c08-8B7A-83BB121AAD01}</UniqueIdentifier>
      <Extensions>rc;ico;cur;bmp;dlg;rc2;rct;bin;rgs;gif;jpg;jpeg;jpe;resx;tiff;tif;png;wav;mfcribbon-ms</Extensions>
    </Filter>
  </ItemGroup>
  <ItemGroup>
    <ClCompile Include="main.cpp">
      <Filter>Исходные файлы</Filter>
    </ClCompile>
    <ClCompile Include="AssetManager.cpp">
      <Filter>Исходные файлы</Filter>
    </ClCompile>
    <ClCompile Include="Game.cpp">
      <Filter>Исходные файлы</Filter>
    </ClCompile>
    <ClCompile Include="InputManager.cpp">
      <Filter>Исходные файлы</Filter>
    </ClCompile>
    <ClCompile Include="SplashState.cpp">
      <Filter>Исходные файлы</Filter>
    </ClCompile>
    <ClCompile Include="StateMachine.cpp">
      <Filter>Исходные файлы</Filter>
    </ClCompile>
    <ClCompile Include="MainMenuState.cpp">
      <Filter>Исходные файлы</Filter>
    </ClCompile>
    <ClCompile Include="GameState.cpp">
      <Filter>Исходные файлы</Filter>
    </ClCompile>
    <ClCompile Include="GameOverState.cpp">
      <Filter>Исходные файлы</Filter>
    </ClCompile>
    <ClCompile Include="Pipe.cpp">
      <Filter>Исходные файлы</Filter>
    </ClCompile>
    <ClCompile Include="Land.cpp">
      <Filter>Исходные файлы</Filter>
    </ClCompile>
    <ClCompile Include="Bird.cpp">
      <Filter>Исходные файлы</Filter>
    </ClCompile>
    <ClCompile Include="Collision.cpp">
      <Filter>Исходные файлы</Filter>
    </ClCompile>
    <ClCompile Include="HUD.cpp">
      <Filter>Исходные файлы</Filter>
    </ClCompile>
  </ItemGroup>
  <ItemGroup>
    <ClInclude Include="AssetManager.h">
      <Filter>Файлы заголовков</Filter>
    </ClInclude>
    <ClInclude Include="Definitions.h">
      <Filter>Файлы заголовков</Filter>
    </ClInclude>
    <ClInclude Include="Game.h">
      <Filter>Файлы заголовков</Filter>
    </ClInclude>
    <ClInclude Include="InputManager.h">
      <Filter>Файлы заголовков</Filter>
    </ClInclude>
    <ClInclude Include="SplashState.h">
      <Filter>Файлы заголовков</Filter>
    </ClInclude>
    <ClInclude Include="State.h">
      <Filter>Файлы заголовков</Filter>
    </ClInclude>
    <ClInclude Include="StateMachine.h">
      <Filter>Файлы заголовков</Filter>
    </ClInclude>
    <ClInclude Include="MainMenuState.h">
      <Filter>Файлы заголовков</Filter>
    </ClInclude>
    <ClInclude Include="GameState.h">
      <Filter>Файлы заголовков</Filter>
    </ClInclude>
    <ClInclude Include="GameOverState.h">
      <Filter>Файлы заголовков</Filter>
    </ClInclude>
    <ClInclude Include="Pipe.h">
      <Filter>Файлы заголовков</Filter>
    </ClInclude>
    <ClInclude Include="Land.h">
      <Filter>Файлы заголовков</Filter>
    </ClInclude>
    <ClInclude Include="Bird.h">
      <Filter>Файлы заголовков</Filter>
    </ClInclude>
    <ClInclude Include="Collision.h">
      <Filter>Файлы заголовков</Filter>
    </ClInclude>
    <ClInclude Include="HUD.h">
      <Filter>Файлы заголовков</Filter>
    </ClInclude>
  </ItemGroup>
  <ItemGroup>
    <Media Include="Resources\audio\Hit.wav">
      <Filter>Файлы ресурсов</Filter>
    </Media>
    <Media Include="Resources\audio\Point.wav">
      <Filter>Файлы ресурсов</Filter>
    </Media>
    <Media Include="Resources\audio\Wing.wav">
      <Filter>Файлы ресурсов</Filter>
    </Media>
  </ItemGroup>
  <ItemGroup>
    <Font Include="Resources\fonts\FlappyFont.ttf">
      <Filter>Файлы ресурсов</Filter>
    </Font>
    <Font Include="Resources\fonts\arial.ttf">
      <Filter>Файлы ресурсов</Filter>
    </Font>
    <Font Include="Resources\fonts\Marker Felt.ttf">
      <Filter>Файлы ресурсов</Filter>
    </Font>
  </ItemGroup>
  <ItemGroup>
    <Image Include="Resources\res\bird-01.png">
      <Filter>Файлы ресурсов</Filter>
    </Image>
    <Image Include="Resources\res\bird-02.png">
      <Filter>Файлы ресурсов</Filter>
    </Image>
    <Image Include="Resources\res\bird-03.png">
      <Filter>Файлы ресурсов</Filter>
    </Image>
    <Image Include="Resources\res\bird-04.png">
      <Filter>Файлы ресурсов</Filter>
    </Image>
    <Image Include="Resources\res\Bronze-Medal.png">
      <Filter>Файлы ресурсов</Filter>
    </Image>
    <Image Include="Resources\res\Game-Over-Body.png">
      <Filter>Файлы ресурсов</Filter>
    </Image>
    <Image Include="Resources\res\Game-Over-Title.png">
      <Filter>Файлы ресурсов</Filter>
    </Image>
    <Image Include="Resources\res\Gold-Medal.png">
      <Filter>Файлы ресурсов</Filter>
    </Image>
    <Image Include="Resources\res\InvisibleScoringPipe.png">
      <Filter>Файлы ресурсов</Filter>
    </Image>
    <Image Include="Resources\res\PipeDown.png">
      <Filter>Файлы ресурсов</Filter>
    </Image>
    <Image Include="Resources\res\PipeUp.png">
      <Filter>Файлы ресурсов</Filter>
    </Image>
    <Image Include="Resources\res\Platinum-Medal.png">
      <Filter>Файлы ресурсов</Filter>
    </Image>
    <Image Include="Resources\res\PlayButton.png">
      <Filter>Файлы ресурсов</Filter>
    </Image>
    <Image Include="Resources\res\Silver-Medal.png">
      <Filter>Файлы ресурсов</Filter>
    </Image>
    <Image Include="Resources\res\Splash Background.png">
      <Filter>Файлы ресурсов</Filter>
    </Image>
    <Image Include="Resources\res\land.png">
      <Filter>Файлы ресурсов</Filter>
    </Image>
    <Image Include="Resources\res\sky.png">
      <Filter>Файлы ресурсов</Filter>
    </Image>
    <Image Include="Resources\res\title.png">
      <Filter>Файлы ресурсов</Filter>
    </Image>
  </ItemGroup>
</Project>